
Microsoft Visual Studio Solution File, Format Version 12.00
# Visual Studio Version 17
VisualStudioVersion = 17.3.32929.385
MinimumVisualStudioVersion = 10.0.40219.1
Project("{FAE04EC0-301F-11D3-BF4B-00C04F79EFBC}") = "NotelyRestApi", "NotelyRestApi.csproj", "{103EF159-F497-4F9F-8817-F5D3681EB6C2}"
EndProject
Global
	GlobalSection(SolutionConfigurationPlatforms) = preSolution
		Debug|Any CPU = Debug|Any CPU
		Release|Any CPU = Release|Any CPU
	EndGlobalSection
	GlobalSection(ProjectConfigurationPlatforms) = postSolution
		{103EF159-F497-4F9F-8817-F5D3681EB6C2}.Debug|Any CPU.ActiveCfg = Debug|Any CPU
		{103EF159-F497-4F9F-8817-F5D3681EB6C2}.Debug|Any CPU.Build.0 = Debug|Any CPU
		{103EF159-F497-4F9F-8817-F5D3681EB6C2}.Release|Any CPU.ActiveCfg = Release|Any CPU
		{103EF159-F497-4F9F-8817-F5D3681EB6C2}.Release|Any CPU.Build.0 = Release|Any CPU
	EndGlobalSection
	GlobalSection(SolutionProperties) = preSolution
		HideSolutionNode = FALSE
	EndGlobalSection
	GlobalSection(ExtensibilityGlobals) = postSolution
		SolutionGuid = {31D06C3E-AEA4-43DF-A0C6-EB8C16B57E33}
	EndGlobalSection
EndGlobal
